
Microsoft Visual Studio Solution File, Format Version 12.00
# Visual Studio Version 16
VisualStudioVersion = 16.0.30523.141
MinimumVisualStudioVersion = 10.0.40219.1
Project("{8BC9CEB8-8B4A-11D0-8D11-00A0C91BC942}") = "Servidor", "Servidor\Servidor.vcxproj", "{353486AA-14ED-4343-923E-4AAB797D2B08}"
EndProject
Project("{8BC9CEB8-8B4A-11D0-8D11-00A0C91BC942}") = "Cliente", "Cliente\Cliente.vcxproj", "{183CDAFA-428E-4065-BA9F-92E3E476CFA3}"
EndProject
Global
	GlobalSection(SolutionConfigurationPlatforms) = preSolution
		Debug|x64 = Debug|x64
		Debug|x86 = Debug|x86
		Release|x64 = Release|x64
		Release|x86 = Release|x86
	EndGlobalSection
	GlobalSection(ProjectConfigurationPlatforms) = postSolution
		{353486AA-14ED-4343-923E-4AAB797D2B08}.Debug|x64.ActiveCfg = Debug|x64
		{353486AA-14ED-4343-923E-4AAB797D2B08}.Debug|x64.Build.0 = Debug|x64
		{353486AA-14ED-4343-923E-4AAB797D2B08}.Debug|x86.ActiveCfg = Debug|Win32
		{353486AA-14ED-4343-923E-4AAB797D2B08}.Debug|x86.Build.0 = Debug|Win32
		{353486AA-14ED-4343-923E-4AAB797D2B08}.Release|x64.ActiveCfg = Release|x64
		{353486AA-14ED-4343-923E-4AAB797D2B08}.Release|x64.Build.0 = Release|x64
		{353486AA-14ED-4343-923E-4AAB797D2B08}.Release|x86.ActiveCfg = Release|Win32
		{353486AA-14ED-4343-923E-4AAB797D2B08}.Release|x86.Build.0 = Release|Win32
		{183CDAFA-428E-4065-BA9F-92E3E476CFA3}.Debug|x64.ActiveCfg = Debug|x64
		{183CDAFA-428E-4065-BA9F-92E3E476CFA3}.Debug|x64.Build.0 = Debug|x64
		{183CDAFA-428E-4065-BA9F-92E3E476CFA3}.Debug|x86.ActiveCfg = Debug|Win32
		{183CDAFA-428E-4065-BA9F-92E3E476CFA3}.Debug|x86.Build.0 = Debug|Win32
		{183CDAFA-428E-4065-BA9F-92E3E476CFA3}.Release|x64.ActiveCfg = Release|x64
		{183CDAFA-428E-4065-BA9F-92E3E476CFA3}.Release|x64.Build.0 = Release|x64
		{183CDAFA-428E-4065-BA9F-92E3E476CFA3}.Release|x86.ActiveCfg = Release|Win32
		{183CDAFA-428E-4065-BA9F-92E3E476CFA3}.Release|x86.Build.0 = Release|Win32
	EndGlobalSection
	GlobalSection(SolutionProperties) = preSolution
		HideSolutionNode = FALSE
	EndGlobalSection
	GlobalSection(ExtensibilityGlobals) = postSolution
		SolutionGuid = {990EA180-0355-419F-B2AE-FC86E90BF582}
	EndGlobalSection
EndGlobal
